
Microsoft Visual Studio Solution File, Format Version 12.00
# Visual Studio 15
VisualStudioVersion = 15.0.26403.0
MinimumVisualStudioVersion = 10.0.40219.1
Project("{2150E333-8FDC-42A3-9474-1A3956D46DE8}") = "Tests", "Tests", "{E6C8E10C-38FC-41F0-9152-70C864913932}"
EndProject
Project("{FAE04EC0-301F-11D3-BF4B-00C04F79EFBC}") = "Box9.Leds.Pi.Api", "Box9.Leds.Pi.Api\Box9.Leds.Pi.Api.csproj", "{6FC9E0A2-C8B1-4CB1-9AA7-BD0635CE34DF}"
EndProject
Project("{FAE04EC0-301F-11D3-BF4B-00C04F79EFBC}") = "Box9.Leds.Pi.Core", "Box9.Leds.Pi.Core\Box9.Leds.Pi.Core.csproj", "{CD4D617C-AB15-4EFD-96F2-3613B19D82B7}"
EndProject
Project("{FAE04EC0-301F-11D3-BF4B-00C04F79EFBC}") = "Box9.Leds.Pi.Database", "Box9.Leds.Pi.Database\Box9.Leds.Pi.Database.csproj", "{0101B39A-129E-4D47-BE8F-C337B5D6A5EF}"
EndProject
Project("{FAE04EC0-301F-11D3-BF4B-00C04F79EFBC}") = "Box9.Leds.Pi.DataAccess", "Box9.Leds.Pi.DataAccess\Box9.Leds.Pi.DataAccess.csproj", "{76F5FCD8-279C-4444-ACF3-9D2000F2A7C5}"
EndProject
Project("{FAE04EC0-301F-11D3-BF4B-00C04F79EFBC}") = "Box9.Leds.Pi.Domain", "Box9.Leds.Pi.Domain\Box9.Leds.Pi.Domain.csproj", "{F8FBB19A-5FE4-4C66-A0BA-FBDFDAF6032F}"
EndProject
Project("{FAE04EC0-301F-11D3-BF4B-00C04F79EFBC}") = "Box9.Leds.Pi.Api.Tests", "Box9.Leds.Pi.Api.Tests\Box9.Leds.Pi.Api.Tests.csproj", "{6BA86AA1-7407-4773-AB6B-FD084623DA5B}"
EndProject
Project("{FAE04EC0-301F-11D3-BF4B-00C04F79EFBC}") = "Box9.Leds.Pi.Core.Tests", "Box9.Leds.Pi.Core.Tests\Box9.Leds.Pi.Core.Tests.csproj", "{18BF8BF3-2F79-4C9C-9DAD-D8D889F97AC3}"
EndProject
Project("{FAE04EC0-301F-11D3-BF4B-00C04F79EFBC}") = "Box9.Leds.Pi.Database.Tests", "Box9.Leds.Pi.Database.Tests\Box9.Leds.Pi.Database.Tests.csproj", "{6A29D3B3-53B6-4726-95A7-8422D5DDC494}"
EndProject
Project("{FAE04EC0-301F-11D3-BF4B-00C04F79EFBC}") = "Box9.Leds.Pi.Domain.Tests", "Box9.Leds.Pi.Domain.Tests\Box9.Leds.Pi.Domain.Tests.csproj", "{BD6A41E0-9BBE-4BBD-8CE1-4AAC494999B8}"
EndProject
Project("{FAE04EC0-301F-11D3-BF4B-00C04F79EFBC}") = "Box9.Leds.Pi.WebHost", "Box9.Leds.Pi.WebHost\Box9.Leds.Pi.WebHost.csproj", "{18D73078-F77B-48A5-8A70-4F3517FFF864}"
EndProject
Project("{FAE04EC0-301F-11D3-BF4B-00C04F79EFBC}") = "Box9.Leds.Pi.VisualizerTestHarness", "Box9.Leds.Pi.VisualizerTestHarness\Box9.Leds.Pi.VisualizerTestHarness.csproj", "{1355E529-7743-48EF-A20B-148DB980D81F}"
EndProject
Global
	GlobalSection(SolutionConfigurationPlatforms) = preSolution
		Debug|Any CPU = Debug|Any CPU
		Debug|x86 = Debug|x86
		Release|Any CPU = Release|Any CPU
		Release|x86 = Release|x86
	EndGlobalSection
	GlobalSection(ProjectConfigurationPlatforms) = postSolution
		{6FC9E0A2-C8B1-4CB1-9AA7-BD0635CE34DF}.Debug|Any CPU.ActiveCfg = Debug|Any CPU
		{6FC9E0A2-C8B1-4CB1-9AA7-BD0635CE34DF}.Debug|Any CPU.Build.0 = Debug|Any CPU
		{6FC9E0A2-C8B1-4CB1-9AA7-BD0635CE34DF}.Debug|x86.ActiveCfg = Debug|x86
		{6FC9E0A2-C8B1-4CB1-9AA7-BD0635CE34DF}.Debug|x86.Build.0 = Debug|x86
		{6FC9E0A2-C8B1-4CB1-9AA7-BD0635CE34DF}.Release|Any CPU.ActiveCfg = Release|Any CPU
		{6FC9E0A2-C8B1-4CB1-9AA7-BD0635CE34DF}.Release|Any CPU.Build.0 = Release|Any CPU
		{6FC9E0A2-C8B1-4CB1-9AA7-BD0635CE34DF}.Release|x86.ActiveCfg = Release|x86
		{6FC9E0A2-C8B1-4CB1-9AA7-BD0635CE34DF}.Release|x86.Build.0 = Release|x86
		{CD4D617C-AB15-4EFD-96F2-3613B19D82B7}.Debug|Any CPU.ActiveCfg = Debug|Any CPU
		{CD4D617C-AB15-4EFD-96F2-3613B19D82B7}.Debug|Any CPU.Build.0 = Debug|Any CPU
		{CD4D617C-AB15-4EFD-96F2-3613B19D82B7}.Debug|x86.ActiveCfg = Debug|x86
		{CD4D617C-AB15-4EFD-96F2-3613B19D82B7}.Debug|x86.Build.0 = Debug|x86
		{CD4D617C-AB15-4EFD-96F2-3613B19D82B7}.Release|Any CPU.ActiveCfg = Release|Any CPU
		{CD4D617C-AB15-4EFD-96F2-3613B19D82B7}.Release|Any CPU.Build.0 = Release|Any CPU
		{CD4D617C-AB15-4EFD-96F2-3613B19D82B7}.Release|x86.ActiveCfg = Release|x86
		{CD4D617C-AB15-4EFD-96F2-3613B19D82B7}.Release|x86.Build.0 = Release|x86
		{0101B39A-129E-4D47-BE8F-C337B5D6A5EF}.Debug|Any CPU.ActiveCfg = Debug|Any CPU
		{0101B39A-129E-4D47-BE8F-C337B5D6A5EF}.Debug|Any CPU.Build.0 = Debug|Any CPU
		{0101B39A-129E-4D47-BE8F-C337B5D6A5EF}.Debug|x86.ActiveCfg = Debug|x86
		{0101B39A-129E-4D47-BE8F-C337B5D6A5EF}.Debug|x86.Build.0 = Debug|x86
		{0101B39A-129E-4D47-BE8F-C337B5D6A5EF}.Release|Any CPU.ActiveCfg = Release|Any CPU
		{0101B39A-129E-4D47-BE8F-C337B5D6A5EF}.Release|Any CPU.Build.0 = Release|Any CPU
		{0101B39A-129E-4D47-BE8F-C337B5D6A5EF}.Release|x86.ActiveCfg = Release|x86
		{0101B39A-129E-4D47-BE8F-C337B5D6A5EF}.Release|x86.Build.0 = Release|x86
		{76F5FCD8-279C-4444-ACF3-9D2000F2A7C5}.Debug|Any CPU.ActiveCfg = Debug|Any CPU
		{76F5FCD8-279C-4444-ACF3-9D2000F2A7C5}.Debug|Any CPU.Build.0 = Debug|Any CPU
		{76F5FCD8-279C-4444-ACF3-9D2000F2A7C5}.Debug|x86.ActiveCfg = Debug|x86
		{76F5FCD8-279C-4444-ACF3-9D2000F2A7C5}.Debug|x86.Build.0 = Debug|x86
		{76F5FCD8-279C-4444-ACF3-9D2000F2A7C5}.Release|Any CPU.ActiveCfg = Release|Any CPU
		{76F5FCD8-279C-4444-ACF3-9D2000F2A7C5}.Release|Any CPU.Build.0 = Release|Any CPU
		{76F5FCD8-279C-4444-ACF3-9D2000F2A7C5}.Release|x86.ActiveCfg = Release|x86
		{76F5FCD8-279C-4444-ACF3-9D2000F2A7C5}.Release|x86.Build.0 = Release|x86
		{F8FBB19A-5FE4-4C66-A0BA-FBDFDAF6032F}.Debug|Any CPU.ActiveCfg = Debug|Any CPU
		{F8FBB19A-5FE4-4C66-A0BA-FBDFDAF6032F}.Debug|Any CPU.Build.0 = Debug|Any CPU
		{F8FBB19A-5FE4-4C66-A0BA-FBDFDAF6032F}.Debug|x86.ActiveCfg = Debug|x86
		{F8FBB19A-5FE4-4C66-A0BA-FBDFDAF6032F}.Debug|x86.Build.0 = Debug|x86
		{F8FBB19A-5FE4-4C66-A0BA-FBDFDAF6032F}.Release|Any CPU.ActiveCfg = Release|Any CPU
		{F8FBB19A-5FE4-4C66-A0BA-FBDFDAF6032F}.Release|Any CPU.Build.0 = Release|Any CPU
		{F8FBB19A-5FE4-4C66-A0BA-FBDFDAF6032F}.Release|x86.ActiveCfg = Release|x86
		{F8FBB19A-5FE4-4C66-A0BA-FBDFDAF6032F}.Release|x86.Build.0 = Release|x86
		{6BA86AA1-7407-4773-AB6B-FD084623DA5B}.Debug|Any CPU.ActiveCfg = Debug|Any CPU
		{6BA86AA1-7407-4773-AB6B-FD084623DA5B}.Debug|Any CPU.Build.0 = Debug|Any CPU
		{6BA86AA1-7407-4773-AB6B-FD084623DA5B}.Debug|x86.ActiveCfg = Debug|x86
		{6BA86AA1-7407-4773-AB6B-FD084623DA5B}.Debug|x86.Build.0 = Debug|x86
		{6BA86AA1-7407-4773-AB6B-FD084623DA5B}.Release|Any CPU.ActiveCfg = Release|Any CPU
		{6BA86AA1-7407-4773-AB6B-FD084623DA5B}.Release|Any CPU.Build.0 = Release|Any CPU
		{6BA86AA1-7407-4773-AB6B-FD084623DA5B}.Release|x86.ActiveCfg = Release|x86
		{6BA86AA1-7407-4773-AB6B-FD084623DA5B}.Release|x86.Build.0 = Release|x86
		{18BF8BF3-2F79-4C9C-9DAD-D8D889F97AC3}.Debug|Any CPU.ActiveCfg = Debug|Any CPU
		{18BF8BF3-2F79-4C9C-9DAD-D8D889F97AC3}.Debug|Any CPU.Build.0 = Debug|Any CPU
		{18BF8BF3-2F79-4C9C-9DAD-D8D889F97AC3}.Debug|x86.ActiveCfg = Debug|x86
		{18BF8BF3-2F79-4C9C-9DAD-D8D889F97AC3}.Debug|x86.Build.0 = Debug|x86
		{18BF8BF3-2F79-4C9C-9DAD-D8D889F97AC3}.Release|Any CPU.ActiveCfg = Release|Any CPU
		{18BF8BF3-2F79-4C9C-9DAD-D8D889F97AC3}.Release|Any CPU.Build.0 = Release|Any CPU
		{18BF8BF3-2F79-4C9C-9DAD-D8D889F97AC3}.Release|x86.ActiveCfg = Release|x86
		{18BF8BF3-2F79-4C9C-9DAD-D8D889F97AC3}.Release|x86.Build.0 = Release|x86
		{6A29D3B3-53B6-4726-95A7-8422D5DDC494}.Debug|Any CPU.ActiveCfg = Debug|Any CPU
		{6A29D3B3-53B6-4726-95A7-8422D5DDC494}.Debug|Any CPU.Build.0 = Debug|Any CPU
		{6A29D3B3-53B6-4726-95A7-8422D5DDC494}.Debug|x86.ActiveCfg = Debug|x86
		{6A29D3B3-53B6-4726-95A7-8422D5DDC494}.Debug|x86.Build.0 = Debug|x86
		{6A29D3B3-53B6-4726-95A7-8422D5DDC494}.Release|Any CPU.ActiveCfg = Release|Any CPU
		{6A29D3B3-53B6-4726-95A7-8422D5DDC494}.Release|Any CPU.Build.0 = Release|Any CPU
		{6A29D3B3-53B6-4726-95A7-8422D5DDC494}.Release|x86.ActiveCfg = Release|x86
		{6A29D3B3-53B6-4726-95A7-8422D5DDC494}.Release|x86.Build.0 = Release|x86
		{BD6A41E0-9BBE-4BBD-8CE1-4AAC494999B8}.Debug|Any CPU.ActiveCfg = Debug|Any CPU
		{BD6A41E0-9BBE-4BBD-8CE1-4AAC494999B8}.Debug|Any CPU.Build.0 = Debug|Any CPU
		{BD6A41E0-9BBE-4BBD-8CE1-4AAC494999B8}.Debug|x86.ActiveCfg = Debug|x86
		{BD6A41E0-9BBE-4BBD-8CE1-4AAC494999B8}.Debug|x86.Build.0 = Debug|x86
		{BD6A41E0-9BBE-4BBD-8CE1-4AAC494999B8}.Release|Any CPU.ActiveCfg = Release|Any CPU
		{BD6A41E0-9BBE-4BBD-8CE1-4AAC494999B8}.Release|Any CPU.Build.0 = Release|Any CPU
		{BD6A41E0-9BBE-4BBD-8CE1-4AAC494999B8}.Release|x86.ActiveCfg = Release|x86
		{BD6A41E0-9BBE-4BBD-8CE1-4AAC494999B8}.Release|x86.Build.0 = Release|x86
		{18D73078-F77B-48A5-8A70-4F3517FFF864}.Debug|Any CPU.ActiveCfg = Debug|Any CPU
		{18D73078-F77B-48A5-8A70-4F3517FFF864}.Debug|Any CPU.Build.0 = Debug|Any CPU
		{18D73078-F77B-48A5-8A70-4F3517FFF864}.Debug|x86.ActiveCfg = Debug|x86
		{18D73078-F77B-48A5-8A70-4F3517FFF864}.Debug|x86.Build.0 = Debug|x86
		{18D73078-F77B-48A5-8A70-4F3517FFF864}.Release|Any CPU.ActiveCfg = Release|Any CPU
		{18D73078-F77B-48A5-8A70-4F3517FFF864}.Release|Any CPU.Build.0 = Release|Any CPU
		{18D73078-F77B-48A5-8A70-4F3517FFF864}.Release|x86.ActiveCfg = Release|x86
		{18D73078-F77B-48A5-8A70-4F3517FFF864}.Release|x86.Build.0 = Release|x86
		{1355E529-7743-48EF-A20B-148DB980D81F}.Debug|Any CPU.ActiveCfg = Debug|Any CPU
		{1355E529-7743-48EF-A20B-148DB980D81F}.Debug|Any CPU.Build.0 = Debug|Any CPU
		{1355E529-7743-48EF-A20B-148DB980D81F}.Debug|x86.ActiveCfg = Debug|x86
		{1355E529-7743-48EF-A20B-148DB980D81F}.Debug|x86.Build.0 = Debug|x86
		{1355E529-7743-48EF-A20B-148DB980D81F}.Release|Any CPU.ActiveCfg = Release|Any CPU
		{1355E529-7743-48EF-A20B-148DB980D81F}.Release|Any CPU.Build.0 = Release|Any CPU
		{1355E529-7743-48EF-A20B-148DB980D81F}.Release|x86.ActiveCfg = Release|x86
		{1355E529-7743-48EF-A20B-148DB980D81F}.Release|x86.Build.0 = Release|x86
	EndGlobalSection
	GlobalSection(SolutionProperties) = preSolution
		HideSolutionNode = FALSE
	EndGlobalSection
	GlobalSection(NestedProjects) = preSolution
		{6BA86AA1-7407-4773-AB6B-FD084623DA5B} = {E6C8E10C-38FC-41F0-9152-70C864913932}
		{18BF8BF3-2F79-4C9C-9DAD-D8D889F97AC3} = {E6C8E10C-38FC-41F0-9152-70C864913932}
		{6A29D3B3-53B6-4726-95A7-8422D5DDC494} = {E6C8E10C-38FC-41F0-9152-70C864913932}
		{BD6A41E0-9BBE-4BBD-8CE1-4AAC494999B8} = {E6C8E10C-38FC-41F0-9152-70C864913932}
		{1355E529-7743-48EF-A20B-148DB980D81F} = {E6C8E10C-38FC-41F0-9152-70C864913932}
	EndGlobalSection
EndGlobal
